hash: d301dae9af056334bf196d14eef3be94c2eaff3ec792896face4535cc50df11d
updated: 2016-11-25T10:11:58.254773104Z
imports:
- name: code.cloudfoundry.org/lager
  version: 6cfe365fb6bb84343f0034b4a53cd250d173b61f
- name: github.com/cenkalti/backoff
  version: b02f2bbce11d7ea6b97f282ef1771b0fe2f65ef3
- name: github.com/onsi/ginkgo
  version: 00054c0bb96fc880d4e0be1b90937fad438c5290
  subpackages:
  - config
  - internal/codelocation
  - internal/containernode
  - internal/failer
  - internal/leafnodes
  - internal/remote
  - internal/spec
  - internal/specrunner
  - internal/suite
  - internal/testingtproxy
  - internal/writer
  - reporters
  - reporters/stenographer
  - reporters/stenographer/support/go-colorable
  - reporters/stenographer/support/go-isatty
  - types
- name: github.com/zorkian/go-datadog-api
  version: 01be5a9050875ea386bda8e8ca510ae4a324f0a7
- name: golang.org/x/sys
  version: 30237cf4eefd639b184d1f2cb77a581ea0be8947
  subpackages:
  - unix
testImports:
- name: code.cloudfoundry.org/garden
  version: e328e6698f8e101158e9c498f0cebe018846f594
  subpackages:
  - client
  - client/connection
  - routes
  - transport
- name: github.com/bmizerany/pat
  version: c068ca2f0aacee5ac3681d68e4d0a003b7d1fd2c
- name: github.com/onsi/gomega
  version: f1f0f388b31eca4e2cbe7a6dd8a3a1dfddda5b1c
  subpackages:
  - format
  - internal/assertion
  - internal/asyncassertion
  - internal/oraclematcher
  - internal/testingtsupport
  - matchers
  - matchers/support/goraph/bipartitegraph
  - matchers/support/goraph/edge
  - matchers/support/goraph/node
  - matchers/support/goraph/util
  - types
- name: github.com/tedsuo/rata
  version: 0649c23705dfb45a9693b668c4fc1c0666f485d9
- name: gopkg.in/yaml.v2
  version: a5b47d31c556af34a302ce5d659e6fea44d90de0
